// !$*UTF8*$!
{
	archiveVersion = 1;
	classes = {
	};
	objectVersion = 55;
	objects = {

/* Begin PBXBuildFile section */
		2AFC79A828364B6D0041FB99 /* AppDelegate.swift in Sources */ = {isa = PBXBuildFile; fileRef = 2AFC79A728364B6D0041FB99 /* AppDelegate.swift */; };
		2AFC79AA28364B6D0041FB99 /* SceneDelegate.swift in Sources */ = {isa = PBXBuildFile; fileRef = 2AFC79A928364B6D0041FB99 /* SceneDelegate.swift */; };
		2AFC79AC28364B6D0041FB99 /* ViewController.swift in Sources */ = {isa = PBXBuildFile; fileRef = 2AFC79AB28364B6D0041FB99 /* ViewController.swift */; };
		2AFC79AF28364B6D0041FB99 /* Main.storyboard in Resources */ = {isa = PBXBuildFile; fileRef = 2AFC79AD28364B6D0041FB99 /* Main.storyboard */; };
		2AFC79B128364B700041FB99 /* Assets.xcassets in Resources */ = {isa = PBXBuildFile; fileRef = 2AFC79B028364B700041FB99 /* Assets.xcassets */; };
		2AFC79B428364B700041FB99 /* LaunchScreen.storyboard in Resources */ = {isa = PBXBuildFile; fileRef = 2AFC79B228364B700041FB99 /* LaunchScreen.storyboard */; };
		2AFC79BF28364B700041FB99 /* CalendarTestOneTests.swift in Sources */ = {isa = PBXBuildFile; fileRef = 2AFC79BE28364B700041FB99 /* CalendarTestOneTests.swift */; };
		2AFC79C928364B700041FB99 /* CalendarTestOneUITests.swift in Sources */ = {isa = PBXBuildFile; fileRef = 2AFC79C828364B700041FB99 /* CalendarTestOneUITests.swift */; };
		2AFC79CB28364B700041FB99 /* CalendarTestOneUITestsLaunchTests.swift in Sources */ = {isa = PBXBuildFile; fileRef = 2AFC79CA28364B700041FB99 /* CalendarTestOneUITestsLaunchTests.swift */; };
/* End PBXBuildFile section */

/* Begin PBXContainerItemProxy section */
		2AFC79BB28364B700041FB99 /* PBXContainerItemProxy */ = {
			isa = PBXContainerItemProxy;
			containerPortal = 2AFC799C28364B6D0041FB99 /* Project object */;
			proxyType = 1;
			remoteGlobalIDString = 2AFC79A328364B6D0041FB99;
			remoteInfo = CalendarTestOne;
		};
		2AFC79C528364B700041FB99 /* PBXContainerItemProxy */ = {
			isa = PBXContainerItemProxy;
			containerPortal = 2AFC799C28364B6D0041FB99 /* Project object */;
			proxyType = 1;
			remoteGlobalIDString = 2AFC79A328364B6D0041FB99;
			remoteInfo = CalendarTestOne;
		};
/* End PBXContainerItemProxy section */

/* Begin PBXFileReference section */
		2AFC79A428364B6D0041FB99 /* CalendarTestOne.app */ = {isa = PBXFileReference; explicitFileType = wrapper.application; includeInIndex = 0; path = CalendarTestOne.app; sourceTree = BUILT_PRODUCTS_DIR; };
		2AFC79A728364B6D0041FB99 /* AppDelegate.swift */ = {isa = PBXFileReference; lastKnownFileType = sourcecode.swift; path = AppDelegate.swift; sourceTree = "<group>"; };
		2AFC79A928364B6D0041FB99 /* SceneDelegate.swift */ = {isa = PBXFileReference; lastKnownFileType = sourcecode.swift; path = SceneDelegate.swift; sourceTree = "<group>"; };
		2AFC79AB28364B6D0041FB99 /* ViewController.swift */ = {isa = PBXFileReference; lastKnownFileType = sourcecode.swift; path = ViewController.swift; sourceTree = "<group>"; };
		2AFC79AE28364B6D0041FB99 /* Base */ = {isa = PBXFileReference; lastKnownFileType = file.storyboard; name = Base; path = Base.lproj/Main.storyboard; sourceTree = "<group>"; };
		2AFC79B028364B700041FB99 /* Assets.xcassets */ = {isa = PBXFileReference; lastKnownFileType = folder.assetcatalog; path = Assets.xcassets; sourceTree = "<group>"; };
		2AFC79B328364B700041FB99 /* Base */ = {isa = PBXFileReference; lastKnownFileType = file.storyboard; name = Base; path = Base.lproj/LaunchScreen.storyboard; sourceTree = "<group>"; };
		2AFC79B528364B700041FB99 /* Info.plist */ = {isa = PBXFileReference; lastKnownFileType = text.plist.xml; path = Info.plist; sourceTree = "<group>"; };
		2AFC79BA28364B700041FB99 /* CalendarTestOneTests.xctest */ = {isa = PBXFileReference; explicitFileType = wrapper.cfbundle; includeInIndex = 0; path = CalendarTestOneTests.xctest; sourceTree = BUILT_PRODUCTS_DIR; };
		2AFC79BE28364B700041FB99 /* CalendarTestOneTests.swift */ = {isa = PBXFileReference; lastKnownFileType = sourcecode.swift; path = CalendarTestOneTests.swift; sourceTree = "<group>"; };
		2AFC79C428364B700041FB99 /* CalendarTestOneUITests.xctest */ = {isa = PBXFileReference; explicitFileType = wrapper.cfbundle; includeInIndex = 0; path = CalendarTestOneUITests.xctest; sourceTree = BUILT_PRODUCTS_DIR; };
		2AFC79C828364B700041FB99 /* CalendarTestOneUITests.swift */ = {isa = PBXFileReference; lastKnownFileType = sourcecode.swift; path = CalendarTestOneUITests.swift; sourceTree = "<group>"; };
		2AFC79CA28364B700041FB99 /* CalendarTestOneUITestsLaunchTests.swift */ = {isa = PBXFileReference; lastKnownFileType = sourcecode.swift; path = CalendarTestOneUITestsLaunchTests.swift; sourceTree = "<group>"; };
/* End PBXFileReference section */

/* Begin PBXFrameworksBuildPhase section */
		2AFC79A128364B6D0041FB99 /* Frameworks */ = {
			isa = PBXFrameworksBuildPhase;
			buildActionMask = 2147483647;
			files = (
			);
			runOnlyForDeploymentPostprocessing = 0;
		};
		2AFC79B728364B700041FB99 /* Frameworks */ = {
			isa = PBXFrameworksBuildPhase;
			buildActionMask = 2147483647;
			files = (
			);
			runOnlyForDeploymentPostprocessing = 0;
		};
		2AFC79C128364B700041FB99 /* Frameworks */ = {
			isa = PBXFrameworksBuildPhase;
			buildActionMask = 2147483647;
			files = (
			);
			runOnlyForDeploymentPostprocessing = 0;
		};
/* End PBXFrameworksBuildPhase section */

/* Begin PBXGroup section */
		2AFC799B28364B6D0041FB99 = {
			isa = PBXGroup;
			children = (
				2AFC79A628364B6D0041FB99 /* CalendarTestOne */,
				2AFC79BD28364B700041FB99 /* CalendarTestOneTests */,
				2AFC79C728364B700041FB99 /* CalendarTestOneUITests */,
				2AFC79A528364B6D0041FB99 /* Products */,
			);
			sourceTree = "<group>";
		};
		2AFC79A528364B6D0041FB99 /* Products */ = {
			isa = PBXGroup;
			children = (
				2AFC79A428364B6D0041FB99 /* CalendarTestOne.app */,
				2AFC79BA28364B700041FB99 /* CalendarTestOneTests.xctest */,
				2AFC79C428364B700041FB99 /* CalendarTestOneUITests.xctest */,
			);
			name = Products;
			sourceTree = "<group>";
		};
		2AFC79A628364B6D0041FB99 /* CalendarTestOne */ = {
			isa = PBXGroup;
			children = (
				2AFC79A728364B6D0041FB99 /* AppDelegate.swift */,
				2AFC79A928364B6D0041FB99 /* SceneDelegate.swift */,
				2AFC79AB28364B6D0041FB99 /* ViewController.swift */,
				2AFC79AD28364B6D0041FB99 /* Main.storyboard */,
				2AFC79B028364B700041FB99 /* Assets.xcassets */,
				2AFC79B228364B700041FB99 /* LaunchScreen.storyboard */,
				2AFC79B528364B700041FB99 /* Info.plist */,
			);
			path = CalendarTestOne;
			sourceTree = "<group>";
		};
		2AFC79BD28364B700041FB99 /* CalendarTestOneTests */ = {
			isa = PBXGroup;
			children = (
				2AFC79BE28364B700041FB99 /* CalendarTestOneTests.swift */,
			);
			path = CalendarTestOneTests;
			sourceTree = "<group>";
		};
		2AFC79C728364B700041FB99 /* CalendarTestOneUITests */ = {
			isa = PBXGroup;
			children = (
				2AFC79C828364B700041FB99 /* CalendarTestOneUITests.swift */,
				2AFC79CA28364B700041FB99 /* CalendarTestOneUITestsLaunchTests.swift */,
			);
			path = CalendarTestOneUITests;
			sourceTree = "<group>";
		};
/* End PBXGroup section */

/* Begin PBXNativeTarget section */
		2AFC79A328364B6D0041FB99 /* CalendarTestOne */ = {
			isa = PBXNativeTarget;
			buildConfigurationList = 2AFC79CE28364B700041FB99 /* Build configuration list for PBXNativeTarget "CalendarTestOne" */;
			buildPhases = (
				2AFC79A028364B6D0041FB99 /* Sources */,
				2AFC79A128364B6D0041FB99 /* Frameworks */,
				2AFC79A228364B6D0041FB99 /* Resources */,
			);
			buildRules = (
			);
			dependencies = (
			);
			name = CalendarTestOne;
			productName = CalendarTestOne;
			productReference = 2AFC79A428364B6D0041FB99 /* CalendarTestOne.app */;
			productType = "com.apple.product-type.application";
		};
		2AFC79B928364B700041FB99 /* CalendarTestOneTests */ = {
			isa = PBXNativeTarget;
			buildConfigurationList = 2AFC79D128364B700041FB99 /* Build configuration list for PBXNativeTarget "CalendarTestOneTests" */;
			buildPhases = (
				2AFC79B628364B700041FB99 /* Sources */,
				2AFC79B728364B700041FB99 /* Frameworks */,
				2AFC79B828364B700041FB99 /* Resources */,
			);
			buildRules = (
			);
			dependencies = (
				2AFC79BC28364B700041FB99 /* PBXTargetDependency */,
			);
			name = CalendarTestOneTests;
			productName = CalendarTestOneTests;
			productReference = 2AFC79BA28364B700041FB99 /* CalendarTestOneTests.xctest */;
			productType = "com.apple.product-type.bundle.unit-test";
		};
		2AFC79C328364B700041FB99 /* CalendarTestOneUITests */ = {
			isa = PBXNativeTarget;
			buildConfigurationList = 2AFC79D428364B700041FB99 /* Build configuration list for PBXNativeTarget "CalendarTestOneUITests" */;
			buildPhases = (
				2AFC79C028364B700041FB99 /* Sources */,
				2AFC79C128364B700041FB99 /* Frameworks */,
				2AFC79C228364B700041FB99 /* Resources */,
			);
			buildRules = (
			);
			dependencies = (
				2AFC79C628364B700041FB99 /* PBXTargetDependency */,
			);
			name = CalendarTestOneUITests;
			productName = CalendarTestOneUITests;
			productReference = 2AFC79C428364B700041FB99 /* CalendarTestOneUITests.xctest */;
			productType = "com.apple.product-type.bundle.ui-testing";
		};
/* End PBXNativeTarget section */

/* Begin PBXProject section */
		2AFC799C28364B6D0041FB99 /* Project object */ = {
			isa = PBXProject;
			attributes = {
				BuildIndependentTargetsInParallel = 1;
				LastSwiftUpdateCheck = 1330;
				LastUpgradeCheck = 1330;
				TargetAttributes = {
					2AFC79A328364B6D0041FB99 = {
						CreatedOnToolsVersion = 13.3.1;
					};
					2AFC79B928364B700041FB99 = {
						CreatedOnToolsVersion = 13.3.1;
						TestTargetID = 2AFC79A328364B6D0041FB99;
					};
					2AFC79C328364B700041FB99 = {
						CreatedOnToolsVersion = 13.3.1;
						TestTargetID = 2AFC79A328364B6D0041FB99;
					};
				};
			};
			buildConfigurationList = 2AFC799F28364B6D0041FB99 /* Build configuration list for PBXProject "CalendarTestOne" */;
			compatibilityVersion = "Xcode 13.0";
			developmentRegion = en;
			hasScannedForEncodings = 0;
			knownRegions = (
				en,
				Base,
			);
			mainGroup = 2AFC799B28364B6D0041FB99;
			productRefGroup = 2AFC79A528364B6D0041FB99 /* Products */;
			projectDirPath = "";
			projectRoot = "";
			targets = (
				2AFC79A328364B6D0041FB99 /* CalendarTestOne */,
				2AFC79B928364B700041FB99 /* CalendarTestOneTests */,
				2AFC79C328364B700041FB99 /* CalendarTestOneUITests */,
			);
		};
/* End PBXProject section */

/* Begin PBXResourcesBuildPhase section */
		2AFC79A228364B6D0041FB99 /* Resources */ = {
			isa = PBXResourcesBuildPhase;
			buildActionMask = 2147483647;
			files = (
				2AFC79B428364B700041FB99 /* LaunchScreen.storyboard in Resources */,
				2AFC79B128364B700041FB99 /* Assets.xcassets in Resources */,
				2AFC79AF28364B6D0041FB99 /* Main.storyboard in Resources */,
			);
			runOnlyForDeploymentPostprocessing = 0;
		};
		2AFC79B828364B700041FB99 /* Resources */ = {
			isa = PBXResourcesBuildPhase;
			buildActionMask = 2147483647;
			files = (
			);
			runOnlyForDeploymentPostprocessing = 0;
		};
		2AFC79C228364B700041FB99 /* Resources */ = {
			isa = PBXResourcesBuildPhase;
			buildActionMask = 2147483647;
			files = (
			);
			runOnlyForDeploymentPostprocessing = 0;
		};
/* End PBXResourcesBuildPhase section */

/* Begin PBXSourcesBuildPhase section */
		2AFC79A028364B6D0041FB99 /* Sources */ = {
			isa = PBXSourcesBuildPhase;
			buildActionMask = 2147483647;
			files = (
				2AFC79AC28364B6D0041FB99 /* ViewController.swift in Sources */,
				2AFC79A828364B6D0041FB99 /* AppDelegate.swift in Sources */,
				2AFC79AA28364B6D0041FB99 /* SceneDelegate.swift in Sources */,
			);
			runOnlyForDeploymentPostprocessing = 0;
		};
		2AFC79B628364B700041FB99 /* Sources */ = {
			isa = PBXSourcesBuildPhase;
			buildActionMask = 2147483647;
			files = (
				2AFC79BF28364B700041FB99 /* CalendarTestOneTests.swift in Sources */,
			);
			runOnlyForDeploymentPostprocessing = 0;
		};
		2AFC79C028364B700041FB99 /* Sources */ = {
			isa = PBXSourcesBuildPhase;
			buildActionMask = 2147483647;
			files = (
				2AFC79C928364B700041FB99 /* CalendarTestOneUITests.swift in Sources */,
				2AFC79CB28364B700041FB99 /* CalendarTestOneUITestsLaunchTests.swift in Sources */,
			);
			runOnlyForDeploymentPostprocessing = 0;
		};
/* End PBXSourcesBuildPhase section */

/* Begin PBXTargetDependency section */
		2AFC79BC28364B700041FB99 /* PBXTargetDependency */ = {
			isa = PBXTargetDependency;
			target = 2AFC79A328364B6D0041FB99 /* CalendarTestOne */;
			targetProxy = 2AFC79BB28364B700041FB99 /* PBXContainerItemProxy */;
		};
		2AFC79C628364B700041FB99 /* PBXTargetDependency */ = {
			isa = PBXTargetDependency;
			target = 2AFC79A328364B6D0041FB99 /* CalendarTestOne */;
			targetProxy = 2AFC79C528364B700041FB99 /* PBXContainerItemProxy */;
		};
/* End PBXTargetDependency section */

/* Begin PBXVariantGroup section */
		2AFC79AD28364B6D0041FB99 /* Main.storyboard */ = {
			isa = PBXVariantGroup;
			children = (
				2AFC79AE28364B6D0041FB99 /* Base */,
			);
			name = Main.storyboard;
			sourceTree = "<group>";
		};
		2AFC79B228364B700041FB99 /* LaunchScreen.storyboard */ = {
			isa = PBXVariantGroup;
			children = (
				2AFC79B328364B700041FB99 /* Base */,
			);
			name = LaunchScreen.storyboard;
			sourceTree = "<group>";
		};
/* End PBXVariantGroup section */

/* Begin XCBuildConfiguration section */
		2AFC79CC28364B700041FB99 /* Debug */ = {
			isa = XCBuildConfiguration;
			buildSettings = {
				ALWAYS_SEARCH_USER_PATHS = NO;
				CLANG_ANALYZER_NONNULL = YES;
				CLANG_ANALYZER_NUMBER_OBJECT_CONVERSION = YES_AGGRESSIVE;
				CLANG_CXX_LANGUAGE_STANDARD = "gnu++17";
				CLANG_ENABLE_MODULES = YES;
				CLANG_ENABLE_OBJC_ARC = YES;
				CLANG_ENABLE_OBJC_WEAK = YES;
				CLANG_WARN_BLOCK_CAPTURE_AUTORELEASING = YES;
				CLANG_WARN_BOOL_CONVERSION = YES;
				CLANG_WARN_COMMA = YES;
				CLANG_WARN_CONSTANT_CONVERSION = YES;
				CLANG_WARN_DEPRECATED_OBJC_IMPLEMENTATIONS = YES;
				CLANG_WARN_DIRECT_OBJC_ISA_USAGE = YES_ERROR;
				CLANG_WARN_DOCUMENTATION_COMMENTS = YES;
				CLANG_WARN_EMPTY_BODY = YES;
				CLANG_WARN_ENUM_CONVERSION = YES;
				CLANG_WARN_INFINITE_RECURSION = YES;
				CLANG_WARN_INT_CONVERSION = YES;
				CLANG_WARN_NON_LITERAL_NULL_CONVERSION = YES;
				CLANG_WARN_OBJC_IMPLICIT_RETAIN_SELF = YES;
				CLANG_WARN_OBJC_LITERAL_CONVERSION = YES;
				CLANG_WARN_OBJC_ROOT_CLASS = YES_ERROR;
				CLANG_WARN_QUOTED_INCLUDE_IN_FRAMEWORK_HEADER = YES;
				CLANG_WARN_RANGE_LOOP_ANALYSIS = YES;
				CLANG_WARN_STRICT_PROTOTYPES = YES;
				CLANG_WARN_SUSPICIOUS_MOVE = YES;
				CLANG_WARN_UNGUARDED_AVAILABILITY = YES_AGGRESSIVE;
				CLANG_WARN_UNREACHABLE_CODE = YES;
				CLANG_WARN__DUPLICATE_METHOD_MATCH = YES;
				COPY_PHASE_STRIP = NO;
				DEBUG_INFORMATION_FORMAT = dwarf;
				ENABLE_STRICT_OBJC_MSGSEND = YES;
				ENABLE_TESTABILITY = YES;
				GCC_C_LANGUAGE_STANDARD = gnu11;
				GCC_DYNAMIC_NO_PIC = NO;
				GCC_NO_COMMON_BLOCKS = YES;
				GCC_OPTIMIZATION_LEVEL = 0;
				GCC_PREPROCESSOR_DEFINITIONS = (
					"DEBUG=1",
					"$(inherited)",
				);
				GCC_WARN_64_TO_32_BIT_CONVERSION = YES;
				GCC_WARN_ABOUT_RETURN_TYPE = YES_ERROR;
				GCC_WARN_UNDECLARED_SELECTOR = YES;
				GCC_WARN_UNINITIALIZED_AUTOS = YES_AGGRESSIVE;
				GCC_WARN_UNUSED_FUNCTION = YES;
				GCC_WARN_UNUSED_VARIABLE = YES;
				IPHONEOS_DEPLOYMENT_TARGET = 15.4;
				MTL_ENABLE_DEBUG_INFO = INCLUDE_SOURCE;
				MTL_FAST_MATH = YES;
				ONLY_ACTIVE_ARCH = YES;
				SDKROOT = iphoneos;
				SWIFT_ACTIVE_COMPILATION_CONDITIONS = DEBUG;
				SWIFT_OPTIMIZATION_LEVEL = "-Onone";
			};
			name = Debug;
		};
		2AFC79CD28364B700041FB99 /* Release */ = {
			isa = XCBuildConfiguration;
			buildSettings = {
				ALWAYS_SEARCH_USER_PATHS = NO;
				CLANG_ANALYZER_NONNULL = YES;
				CLANG_ANALYZER_NUMBER_OBJECT_CONVERSION = YES_AGGRESSIVE;
				CLANG_CXX_LANGUAGE_STANDARD = "gnu++17";
				CLANG_ENABLE_MODULES = YES;
				CLANG_ENABLE_OBJC_ARC = YES;
				CLANG_ENABLE_OBJC_WEAK = YES;
				CLANG_WARN_BLOCK_CAPTURE_AUTORELEASING = YES;
				CLANG_WARN_BOOL_CONVERSION = YES;
				CLANG_WARN_COMMA = YES;
				CLANG_WARN_CONSTANT_CONVERSION = YES;
				CLANG_WARN_DEPRECATED_OBJC_IMPLEMENTATIONS = YES;
				CLANG_WARN_DIRECT_OBJC_ISA_USAGE = YES_ERROR;
				CLANG_WARN_DOCUMENTATION_COMMENTS = YES;
				CLANG_WARN_EMPTY_BODY = YES;
				CLANG_WARN_ENUM_CONVERSION = YES;
				CLANG_WARN_INFINITE_RECURSION = YES;
				CLANG_WARN_INT_CONVERSION = YES;
				CLANG_WARN_NON_LITERAL_NULL_CONVERSION = YES;
				CLANG_WARN_OBJC_IMPLICIT_RETAIN_SELF = YES;
				CLANG_WARN_OBJC_LITERAL_CONVERSION = YES;
				CLANG_WARN_OBJC_ROOT_CLASS = YES_ERROR;
				CLANG_WARN_QUOTED_INCLUDE_IN_FRAMEWORK_HEADER = YES;
				CLANG_WARN_RANGE_LOOP_ANALYSIS = YES;
				CLANG_WARN_STRICT_PROTOTYPES = YES;
				CLANG_WARN_SUSPICIOUS_MOVE = YES;
				CLANG_WARN_UNGUARDED_AVAILABILITY = YES_AGGRESSIVE;
				CLANG_WARN_UNREACHABLE_CODE = YES;
				CLANG_WARN__DUPLICATE_METHOD_MATCH = YES;
				COPY_PHASE_STRIP = NO;
				DEBUG_INFORMATION_FORMAT = "dwarf-with-dsym";
				ENABLE_NS_ASSERTIONS = NO;
				ENABLE_STRICT_OBJC_MSGSEND = YES;
				GCC_C_LANGUAGE_STANDARD = gnu11;
				GCC_NO_COMMON_BLOCKS = YES;
				GCC_WARN_64_TO_32_BIT_CONVERSION = YES;
				GCC_WARN_ABOUT_RETURN_TYPE = YES_ERROR;
				GCC_WARN_UNDECLARED_SELECTOR = YES;
				GCC_WARN_UNINITIALIZED_AUTOS = YES_AGGRESSIVE;
				GCC_WARN_UNUSED_FUNCTION = YES;
				GCC_WARN_UNUSED_VARIABLE = YES;
				IPHONEOS_DEPLOYMENT_TARGET = 15.4;
				MTL_ENABLE_DEBUG_INFO = NO;
				MTL_FAST_MATH = YES;
				SDKROOT = iphoneos;
				SWIFT_COMPILATION_MODE = wholemodule;
				SWIFT_OPTIMIZATION_LEVEL = "-O";
				VALIDATE_PRODUCT = YES;
			};
			name = Release;
		};
		2AFC79CF28364B700041FB99 /* Debug */ = {
			isa = XCBuildConfiguration;
			buildSettings = {
				ASSETCATALOG_COMPILER_APPICON_NAME = AppIcon;
				ASSETCATALOG_COMPILER_GLOBAL_ACCENT_COLOR_NAME = AccentColor;
				CODE_SIGN_STYLE = Automatic;
				CURRENT_PROJECT_VERSION = 1;
				DEVELOPMENT_TEAM = TV4RCD6PKG;
				GENERATE_INFOPLIST_FILE = YES;
				INFOPLIST_FILE = CalendarTestOne/Info.plist;
				INFOPLIST_KEY_UIApplicationSupportsIndirectInputEvents = YES;
				INFOPLIST_KEY_UILaunchStoryboardName = LaunchScreen;
				INFOPLIST_KEY_UIMainStoryboardFile = Main;
				INFOPLIST_KEY_UISupportedInterfaceOrientations_iPad = "UIInterfaceOrientationPortrait UIInterfaceOrientationPortraitUpsideDown UIInterfaceOrientationLandscapeLeft UIInterfaceOrientationLandscapeRight";
				INFOPLIST_KEY_UISupportedInterfaceOrientations_iPhone = "UIInterfaceOrientationPortrait UIInterfaceOrientationLandscapeLeft UIInterfaceOrientationLandscapeRight";
				LD_RUNPATH_SEARCH_PATHS = (
					"$(inherited)",
					"@executable_path/Frameworks",
				);
				MARKETING_VERSION = 1.0;
				PRODUCT_BUNDLE_IDENTIFIER = PravaMobil.CalendarTestOne;
				PRODUCT_NAME = "$(TARGET_NAME)";
				SWIFT_EMIT_LOC_STRINGS = YES;
				SWIFT_VERSION = 5.0;
				TARGETED_DEVICE_FAMILY = "1,2";
			};
			name = Debug;
		};
		2AFC79D028364B700041FB99 /* Release */ = {
			isa = XCBuildConfiguration;
			buildSettings = {
				ASSETCATALOG_COMPILER_APPICON_NAME = AppIcon;
				ASSETCATALOG_COMPILER_GLOBAL_ACCENT_COLOR_NAME = AccentColor;
				CODE_SIGN_STYLE = Automatic;
				CURRENT_PROJECT_VERSION = 1;
				DEVELOPMENT_TEAM = TV4RCD6PKG;
				GENERATE_INFOPLIST_FILE = YES;
				INFOPLIST_FILE = CalendarTestOne/Info.plist;
				INFOPLIST_KEY_UIApplicationSupportsIndirectInputEvents = YES;
				INFOPLIST_KEY_UILaunchStoryboardName = LaunchScreen;
				INFOPLIST_KEY_UIMainStoryboardFile = Main;
				INFOPLIST_KEY_UISupportedInterfaceOrientations_iPad = "UIInterfaceOrientationPortrait UIInterfaceOrientationPortraitUpsideDown UIInterfaceOrientationLandscapeLeft UIInterfaceOrientationLandscapeRight";
				INFOPLIST_KEY_UISupportedInterfaceOrientations_iPhone = "UIInterfaceOrientationPortrait UIInterfaceOrientationLandscapeLeft UIInterfaceOrientationLandscapeRight";
				LD_RUNPATH_SEARCH_PATHS = (
					"$(inherited)",
					"@executable_path/Frameworks",
				);
				MARKETING_VERSION = 1.0;
				PRODUCT_BUNDLE_IDENTIFIER = PravaMobil.CalendarTestOne;
				PRODUCT_NAME = "$(TARGET_NAME)";
				SWIFT_EMIT_LOC_STRINGS = YES;
				SWIFT_VERSION = 5.0;
				TARGETED_DEVICE_FAMILY = "1,2";
			};
			name = Release;
		};
		2AFC79D228364B700041FB99 /* Debug */ = {
			isa = XCBuildConfiguration;
			buildSettings = {
				ALWAYS_EMBED_SWIFT_STANDARD_LIBRARIES = YES;
				BUNDLE_LOADER = "$(TEST_HOST)";
				CODE_SIGN_STYLE = Automatic;
				CURRENT_PROJECT_VERSION = 1;
				DEVELOPMENT_TEAM = TV4RCD6PKG;
				GENERATE_INFOPLIST_FILE = YES;
				IPHONEOS_DEPLOYMENT_TARGET = 15.4;
				MARKETING_VERSION = 1.0;
				PRODUCT_BUNDLE_IDENTIFIER = PravaMobil.CalendarTestOneTests;
				PRODUCT_NAME = "$(TARGET_NAME)";
				SWIFT_EMIT_LOC_STRINGS = NO;
				SWIFT_VERSION = 5.0;
				TARGETED_DEVICE_FAMILY = "1,2";
				TEST_HOST = "$(BUILT_PRODUCTS_DIR)/CalendarTestOne.app/CalendarTestOne";
			};
			name = Debug;
		};
		2AFC79D328364B700041FB99 /* Release */ = {
			isa = XCBuildConfiguration;
			buildSettings = {
				ALWAYS_EMBED_SWIFT_STANDARD_LIBRARIES = YES;
				BUNDLE_LOADER = "$(TEST_HOST)";
				CODE_SIGN_STYLE = Automatic;
				CURRENT_PROJECT_VERSION = 1;
				DEVELOPMENT_TEAM = TV4RCD6PKG;
				GENERATE_INFOPLIST_FILE = YES;
				IPHONEOS_DEPLOYMENT_TARGET = 15.4;
				MARKETING_VERSION = 1.0;
				PRODUCT_BUNDLE_IDENTIFIER = PravaMobil.CalendarTestOneTests;
				PRODUCT_NAME = "$(TARGET_NAME)";
				SWIFT_EMIT_LOC_STRINGS = NO;
				SWIFT_VERSION = 5.0;
				TARGETED_DEVICE_FAMILY = "1,2";
				TEST_HOST = "$(BUILT_PRODUCTS_DIR)/CalendarTestOne.app/CalendarTestOne";
			};
			name = Release;
		};
		2AFC79D528364B700041FB99 /* Debug */ = {
			isa = XCBuildConfiguration;
			buildSettings = {
				ALWAYS_EMBED_SWIFT_STANDARD_LIBRARIES = YES;
				CODE_SIGN_STYLE = Automatic;
				CURRENT_PROJECT_VERSION = 1;
				DEVELOPMENT_TEAM = TV4RCD6PKG;
				GENERATE_INFOPLIST_FILE = YES;
				MARKETING_VERSION = 1.0;
				PRODUCT_BUNDLE_IDENTIFIER = PravaMobil.CalendarTestOneUITests;
				PRODUCT_NAME = "$(TARGET_NAME)";
				SWIFT_EMIT_LOC_STRINGS = NO;
				SWIFT_VERSION = 5.0;
				TARGETED_DEVICE_FAMILY = "1,2";
				TEST_TARGET_NAME = CalendarTestOne;
			};
			name = Debug;
		};
		2AFC79D628364B700041FB99 /* Release */ = {
			isa = XCBuildConfiguration;
			buildSettings = {
				ALWAYS_EMBED_SWIFT_STANDARD_LIBRARIES = YES;
				CODE_SIGN_STYLE = Automatic;
				CURRENT_PROJECT_VERSION = 1;
				DEVELOPMENT_TEAM = TV4RCD6PKG;
				GENERATE_INFOPLIST_FILE = YES;
				MARKETING_VERSION = 1.0;
				PRODUCT_BUNDLE_IDENTIFIER = PravaMobil.CalendarTestOneUITests;
				PRODUCT_NAME = "$(TARGET_NAME)";
				SWIFT_EMIT_LOC_STRINGS = NO;
				SWIFT_VERSION = 5.0;
				TARGETED_DEVICE_FAMILY = "1,2";
				TEST_TARGET_NAME = CalendarTestOne;
			};
			name = Release;
		};
/* End XCBuildConfiguration section */

/* Begin XCConfigurationList section */
		2AFC799F28364B6D0041FB99 /* Build configuration list for PBXProject "CalendarTestOne" */ = {
			isa = XCConfigurationList;
			buildConfigurations = (
				2AFC79CC28364B700041FB99 /* Debug */,
				2AFC79CD28364B700041FB99 /* Release */,
			);
			defaultConfigurationIsVisible = 0;
			defaultConfigurationName = Release;
		};
		2AFC79CE28364B700041FB99 /* Build configuration list for PBXNativeTarget "CalendarTestOne" */ = {
			isa = XCConfigurationList;
			buildConfigurations = (
				2AFC79CF28364B700041FB99 /* Debug */,
				2AFC79D028364B700041FB99 /* Release */,
			);
			defaultConfigurationIsVisible = 0;
			defaultConfigurationName = Release;
		};
		2AFC79D128364B700041FB99 /* Build configuration list for PBXNativeTarget "CalendarTestOneTests" */ = {
			isa = XCConfigurationList;
			buildConfigurations = (
				2AFC79D228364B700041FB99 /* Debug */,
				2AFC79D328364B700041FB99 /* Release */,
			);
			defaultConfigurationIsVisible = 0;
			defaultConfigurationName = Release;
		};
		2AFC79D428364B700041FB99 /* Build configuration list for PBXNativeTarget "CalendarTestOneUITests" */ = {
			isa = XCConfigurationList;
			buildConfigurations = (
				2AFC79D528364B700041FB99 /* Debug */,
				2AFC79D628364B700041FB99 /* Release */,
			);
			defaultConfigurationIsVisible = 0;
			defaultConfigurationName = Release;
		};
/* End XCConfigurationList section */
	};
	rootObject = 2AFC799C28364B6D0041FB99 /* Project object */;
}
